
Microsoft Visual Studio Solution File, Format Version 12.00
Project("{FAE04EC0-301F-11D3-BF4B-00C04F79EFBC}") = "HQuangT2009M", "HQuangT2009M\HQuangT2009M.csproj", "{D9C5ECCA-0CDC-4E01-8900-B75F737AB341}"
EndProject
Global
	GlobalSection(SolutionConfigurationPlatforms) = preSolution
		Debug|Any CPU = Debug|Any CPU
		Release|Any CPU = Release|Any CPU
	EndGlobalSection
	GlobalSection(ProjectConfigurationPlatforms) = postSolution
		{D9C5ECCA-0CDC-4E01-8900-B75F737AB341}.Debug|Any CPU.ActiveCfg = Debug|Any CPU
		{D9C5ECCA-0CDC-4E01-8900-B75F737AB341}.Debug|Any CPU.Build.0 = Debug|Any CPU
		{D9C5ECCA-0CDC-4E01-8900-B75F737AB341}.Release|Any CPU.ActiveCfg = Release|Any CPU
		{D9C5ECCA-0CDC-4E01-8900-B75F737AB341}.Release|Any CPU.Build.0 = Release|Any CPU
	EndGlobalSection
EndGlobal
